// !$*UTF8*$!
{
	archiveVersion = 1;
	classes = {
	};
	objectVersion = 46;
	objects = {

/* Begin PBXBuildFile section */
		380E91851E27130D00E154AF /* AppDelegate.swift in Sources */ = {isa = PBXBuildFile; fileRef = 380E91841E27130D00E154AF /* AppDelegate.swift */; };
		380E91871E27130D00E154AF /* ViewController.swift in Sources */ = {isa = PBXBuildFile; fileRef = 380E91861E27130D00E154AF /* ViewController.swift */; };
		380E918A1E27130D00E154AF /* Main.storyboard in Resources */ = {isa = PBXBuildFile; fileRef = 380E91881E27130D00E154AF /* Main.storyboard */; };
		380E918C1E27130D00E154AF /* Assets.xcassets in Resources */ = {isa = PBXBuildFile; fileRef = 380E918B1E27130D00E154AF /* Assets.xcassets */; };
		380E918F1E27130D00E154AF /* LaunchScreen.storyboard in Resources */ = {isa = PBXBuildFile; fileRef = 380E918D1E27130D00E154AF /* LaunchScreen.storyboard */; };
/* End PBXBuildFile section */

/* Begin PBXFileReference section */
		380E91811E27130D00E154AF /* BusinessViewer.app */ = {isa = PBXFileReference; explicitFileType = wrapper.application; includeInIndex = 0; path = BusinessViewer.app; sourceTree = BUILT_PRODUCTS_DIR; };
		380E91841E27130D00E154AF /* AppDelegate.swift */ = {isa = PBXFileReference; lastKnownFileType = sourcecode.swift; path = AppDelegate.swift; sourceTree = "<group>"; };
		380E91861E27130D00E154AF /* ViewController.swift */ = {isa = PBXFileReference; lastKnownFileType = sourcecode.swift; path = ViewController.swift; sourceTree = "<group>"; };
		380E91891E27130D00E154AF /* Base */ = {isa = PBXFileReference; lastKnownFileType = file.storyboard; name = Base; path = Base.lproj/Main.storyboard; sourceTree = "<group>"; };
		380E918B1E27130D00E154AF /* Assets.xcassets */ = {isa = PBXFileReference; lastKnownFileType = folder.assetcatalog; path = Assets.xcassets; sourceTree = "<group>"; };
		380E918E1E27130D00E154AF /* Base */ = {isa = PBXFileReference; lastKnownFileType = file.storyboard; name = Base; path = Base.lproj/LaunchScreen.storyboard; sourceTree = "<group>"; };
		380E91901E27130D00E154AF /* Info.plist */ = {isa = PBXFileReference; lastKnownFileType = text.plist.xml; path = Info.plist; sourceTree = "<group>"; };
/* End PBXFileReference section */

/* Begin PBXFrameworksBuildPhase section */
		380E917E1E27130D00E154AF /* Frameworks */ = {
			isa = PBXFrameworksBuildPhase;
			buildActionMask = 2147483647;
			files = (
			);
			runOnlyForDeploymentPostprocessing = 0;
		};
/* End PBXFrameworksBuildPhase section */

/* Begin PBXGroup section */
		380E91781E27130D00E154AF = {
			isa = PBXGroup;
			children = (
				380E91831E27130D00E154AF /* BusinessViewer */,
				380E91821E27130D00E154AF /* Products */,
			);
			sourceTree = "<group>";
		};
		380E91821E27130D00E154AF /* Products */ = {
			isa = PBXGroup;
			children = (
				380E91811E27130D00E154AF /* BusinessViewer.app */,
			);
			name = Products;
			sourceTree = "<group>";
		};
		380E91831E27130D00E154AF /* BusinessViewer */ = {
			isa = PBXGroup;
			children = (
				380E91841E27130D00E154AF /* AppDelegate.swift */,
				380E91861E27130D00E154AF /* ViewController.swift */,
				380E91881E27130D00E154AF /* Main.storyboard */,
				380E918B1E27130D00E154AF /* Assets.xcassets */,
				380E918D1E27130D00E154AF /* LaunchScreen.storyboard */,
				380E91901E27130D00E154AF /* Info.plist */,
			);
			path = BusinessViewer;
			sourceTree = "<group>";
		};
/* End PBXGroup section */

/* Begin PBXNativeTarget section */
		380E91801E27130D00E154AF /* BusinessViewer */ = {
			isa = PBXNativeTarget;
			buildConfigurationList = 380E91931E27130D00E154AF /* Build configuration list for PBXNativeTarget "BusinessViewer" */;
			buildPhases = (
				380E917D1E27130D00E154AF /* Sources */,
				380E917E1E27130D00E154AF /* Frameworks */,
				380E917F1E27130D00E154AF /* Resources */,
			);
			buildRules = (
			);
			dependencies = (
			);
			name = BusinessViewer;
			productName = BusinessViewer;
			productReference = 380E91811E27130D00E154AF /* BusinessViewer.app */;
			productType = "com.apple.product-type.application";
		};
/* End PBXNativeTarget section */

/* Begin PBXProject section */
		380E91791E27130D00E154AF /* Project object */ = {
			isa = PBXProject;
			attributes = {
				LastSwiftUpdateCheck = 0730;
				LastUpgradeCheck = 0730;
				ORGANIZATIONNAME = "Aarti Panda";
				TargetAttributes = {
					380E91801E27130D00E154AF = {
						CreatedOnToolsVersion = 7.3.1;
					};
				};
			};
			buildConfigurationList = 380E917C1E27130D00E154AF /* Build configuration list for PBXProject "BusinessViewer" */;
			compatibilityVersion = "Xcode 3.2";
			developmentRegion = English;
			hasScannedForEncodings = 0;
			knownRegions = (
				en,
				Base,
			);
			mainGroup = 380E91781E27130D00E154AF;
			productRefGroup = 380E91821E27130D00E154AF /* Products */;
			projectDirPath = "";
			projectRoot = "";
			targets = (
				380E91801E27130D00E154AF /* BusinessViewer */,
			);
		};
/* End PBXProject section */

/* Begin PBXResourcesBuildPhase section */
		380E917F1E27130D00E154AF /* Resources */ = {
			isa = PBXResourcesBuildPhase;
			buildActionMask = 2147483647;
			files = (
				380E918F1E27130D00E154AF /* LaunchScreen.storyboard in Resources */,
				380E918C1E27130D00E154AF /* Assets.xcassets in Resources */,
				380E918A1E27130D00E154AF /* Main.storyboard in Resources */,
			);
			runOnlyForDeploymentPostprocessing = 0;
		};
/* End PBXResourcesBuildPhase section */

/* Begin PBXSourcesBuildPhase section */
		380E917D1E27130D00E154AF /* Sources */ = {
			isa = PBXSourcesBuildPhase;
			buildActionMask = 2147483647;
			files = (
				380E91871E27130D00E154AF /* ViewController.swift in Sources */,
				380E91851E27130D00E154AF /* AppDelegate.swift in Sources */,
			);
			runOnlyForDeploymentPostprocessing = 0;
		};
/* End PBXSourcesBuildPhase section */

/* Begin PBXVariantGroup section */
		380E91881E27130D00E154AF /* Main.storyboard */ = {
			isa = PBXVariantGroup;
			children = (
				380E91891E27130D00E154AF /* Base */,
			);
			name = Main.storyboard;
			sourceTree = "<group>";
		};
		380E918D1E27130D00E154AF /* LaunchScreen.storyboard */ = {
			isa = PBXVariantGroup;
			children = (
				380E918E1E27130D00E154AF /* Base */,
			);
			name = LaunchScreen.storyboard;
			sourceTree = "<group>";
		};
/* End PBXVariantGroup section */

/* Begin XCBuildConfiguration section */
		380E91911E27130D00E154AF /* Debug */ = {
			isa = XCBuildConfiguration;
			buildSettings = {
				ALWAYS_SEARCH_USER_PATHS = NO;
				CLANG_ANALYZER_NONNULL = YES;
				CLANG_CXX_LANGUAGE_STANDARD = "gnu++0x";
				CLANG_CXX_LIBRARY = "libc++";
				CLANG_ENABLE_MODULES = YES;
				CLANG_ENABLE_OBJC_ARC = YES;
				CLANG_WARN_BOOL_CONVERSION = YES;
				CLANG_WARN_CONSTANT_CONVERSION = YES;
				CLANG_WARN_DIRECT_OBJC_ISA_USAGE = YES_ERROR;
				CLANG_WARN_EMPTY_BODY = YES;
				CLANG_WARN_ENUM_CONVERSION = YES;
				CLANG_WARN_INT_CONVERSION = YES;
				CLANG_WARN_OBJC_ROOT_CLASS = YES_ERROR;
				CLANG_WARN_UNREACHABLE_CODE = YES;
				CLANG_WARN__DUPLICATE_METHOD_MATCH = YES;
				"CODE_SIGN_IDENTITY[sdk=iphoneos*]" = "iPhone Developer";
				COPY_PHASE_STRIP = NO;
				DEBUG_INFORMATION_FORMAT = dwarf;
				ENABLE_STRICT_OBJC_MSGSEND = YES;
				ENABLE_TESTABILITY = YES;
				GCC_C_LANGUAGE_STANDARD = gnu99;
				GCC_DYNAMIC_NO_PIC = NO;
				GCC_NO_COMMON_BLOCKS = YES;
				GCC_OPTIMIZATION_LEVEL = 0;
				GCC_PREPROCESSOR_DEFINITIONS = (
					"DEBUG=1",
					"$(inherited)",
				);
				GCC_WARN_64_TO_32_BIT_CONVERSION = YES;
				GCC_WARN_ABOUT_RETURN_TYPE = YES_ERROR;
				GCC_WARN_UNDECLARED_SELECTOR = YES;
				GCC_WARN_UNINITIALIZED_AUTOS = YES_AGGRESSIVE;
				GCC_WARN_UNUSED_FUNCTION = YES;
				GCC_WARN_UNUSED_VARIABLE = YES;
				IPHONEOS_DEPLOYMENT_TARGET = 9.3;
				MTL_ENABLE_DEBUG_INFO = YES;
				ONLY_ACTIVE_ARCH = YES;
				SDKROOT = iphoneos;
				SWIFT_OPTIMIZATION_LEVEL = "-Onone";
			};
			name = Debug;
		};
		380E91921E27130D00E154AF /* Release */ = {
			isa = XCBuildConfiguration;
			buildSettings = {
				ALWAYS_SEARCH_USER_PATHS = NO;
				CLANG_ANALYZER_NONNULL = YES;
				CLANG_CXX_LANGUAGE_STANDARD = "gnu++0x";
				CLANG_CXX_LIBRARY = "libc++";
				CLANG_ENABLE_MODULES = YES;
				CLANG_ENABLE_OBJC_ARC = YES;
				CLANG_WARN_BOOL_CONVERSION = YES;
				CLANG_WARN_CONSTANT_CONVERSION = YES;
				CLANG_WARN_DIRECT_OBJC_ISA_USAGE = YES_ERROR;
				CLANG_WARN_EMPTY_BODY = YES;
				CLANG_WARN_ENUM_CONVERSION = YES;
				CLANG_WARN_INT_CONVERSION = YES;
				CLANG_WARN_OBJC_ROOT_CLASS = YES_ERROR;
				CLANG_WARN_UNREACHABLE_CODE = YES;
				CLANG_WARN__DUPLICATE_METHOD_MATCH = YES;
				"CODE_SIGN_IDENTITY[sdk=iphoneos*]" = "iPhone Developer";
				COPY_PHASE_STRIP = NO;
				DEBUG_INFORMATION_FORMAT = "dwarf-with-dsym";
				ENABLE_NS_ASSERTIONS = NO;
				ENABLE_STRICT_OBJC_MSGSEND = YES;
				GCC_C_LANGUAGE_STANDARD = gnu99;
				GCC_NO_COMMON_BLOCKS = YES;
				GCC_WARN_64_TO_32_BIT_CONVERSION = YES;
				GCC_WARN_ABOUT_RETURN_TYPE = YES_ERROR;
				GCC_WARN_UNDECLARED_SELECTOR = YES;
				GCC_WARN_UNINITIALIZED_AUTOS = YES_AGGRESSIVE;
				GCC_WARN_UNUSED_FUNCTION = YES;
				GCC_WARN_UNUSED_VARIABLE = YES;
				IPHONEOS_DEPLOYMENT_TARGET = 9.3;
				MTL_ENABLE_DEBUG_INFO = NO;
				SDKROOT = iphoneos;
				VALIDATE_PRODUCT = YES;
			};
			name = Release;
		};
		380E91941E27130D00E154AF /* Debug */ = {
			isa = XCBuildConfiguration;
			buildSettings = {
				ASSETCATALOG_COMPILER_APPICON_NAME = AppIcon;
				INFOPLIST_FILE = BusinessViewer/Info.plist;
				LD_RUNPATH_SEARCH_PATHS = "$(inherited) @executable_path/Frameworks";
				PRODUCT_BUNDLE_IDENTIFIER = com.aartipanda.BusinessViewer;
				PRODUCT_NAME = "$(TARGET_NAME)";
			};
			name = Debug;
		};
		380E91951E27130D00E154AF /* Release */ = {
			isa = XCBuildConfiguration;
			buildSettings = {
				ASSETCATALOG_COMPILER_APPICON_NAME = AppIcon;
				INFOPLIST_FILE = BusinessViewer/Info.plist;
				LD_RUNPATH_SEARCH_PATHS = "$(inherited) @executable_path/Frameworks";
				PRODUCT_BUNDLE_IDENTIFIER = com.aartipanda.BusinessViewer;
				PRODUCT_NAME = "$(TARGET_NAME)";
			};
			name = Release;
		};
/* End XCBuildConfiguration section */

/* Begin XCConfigurationList section */
		380E917C1E27130D00E154AF /* Build configuration list for PBXProject "BusinessViewer" */ = {
			isa = XCConfigurationList;
			buildConfigurations = (
				380E91911E27130D00E154AF /* Debug */,
				380E91921E27130D00E154AF /* Release */,
			);
			defaultConfigurationIsVisible = 0;
			defaultConfigurationName = Release;
		};
		380E91931E27130D00E154AF /* Build configuration list for PBXNativeTarget "BusinessViewer" */ = {
			isa = XCConfigurationList;
			buildConfigurations = (
				380E91941E27130D00E154AF /* Debug */,
				380E91951E27130D00E154AF /* Release */,
			);
			defaultConfigurationIsVisible = 0;
		};
/* End XCConfigurationList section */
	};
	rootObject = 380E91791E27130D00E154AF /* Project object */;
}
